
Microsoft Visual Studio Solution File, Format Version 12.00
# Visual Studio 15
VisualStudioVersion = 15.0.28307.779
MinimumVisualStudioVersion = 10.0.40219.1
Project("{FAE04EC0-301F-11D3-BF4B-00C04F79EFBC}") = "OrderApp", "106590040\OrderApp.csproj", "{5D62A25C-3C54-4361-BC97-D72B2E9FCDD7}"
EndProject
Project("{FAE04EC0-301F-11D3-BF4B-00C04F79EFBC}") = "DataGridViewNumericUpDownElements", "DataGridViewNumericUpDownElements\DataGridViewNumericUpDownElements.csproj", "{82B50731-BE90-433F-BB6E-9B509C5F3B7C}"
EndProject
Project("{FAE04EC0-301F-11D3-BF4B-00C04F79EFBC}") = "OrderAppTests", "OrderAppTests\OrderAppTests.csproj", "{0FD3D54F-55AF-4CF6-8FA8-F007219A2534}"
EndProject
Global
	GlobalSection(SolutionConfigurationPlatforms) = preSolution
		Debug|Any CPU = Debug|Any CPU
		Release|Any CPU = Release|Any CPU
	EndGlobalSection
	GlobalSection(ProjectConfigurationPlatforms) = postSolution
		{5D62A25C-3C54-4361-BC97-D72B2E9FCDD7}.Debug|Any CPU.ActiveCfg = Debug|Any CPU
		{5D62A25C-3C54-4361-BC97-D72B2E9FCDD7}.Debug|Any CPU.Build.0 = Debug|Any CPU
		{5D62A25C-3C54-4361-BC97-D72B2E9FCDD7}.Release|Any CPU.ActiveCfg = Release|Any CPU
		{5D62A25C-3C54-4361-BC97-D72B2E9FCDD7}.Release|Any CPU.Build.0 = Release|Any CPU
		{82B50731-BE90-433F-BB6E-9B509C5F3B7C}.Debug|Any CPU.ActiveCfg = Debug|Any CPU
		{82B50731-BE90-433F-BB6E-9B509C5F3B7C}.Debug|Any CPU.Build.0 = Debug|Any CPU
		{82B50731-BE90-433F-BB6E-9B509C5F3B7C}.Release|Any CPU.ActiveCfg = Release|Any CPU
		{82B50731-BE90-433F-BB6E-9B509C5F3B7C}.Release|Any CPU.Build.0 = Release|Any CPU
		{0FD3D54F-55AF-4CF6-8FA8-F007219A2534}.Debug|Any CPU.ActiveCfg = Debug|Any CPU
		{0FD3D54F-55AF-4CF6-8FA8-F007219A2534}.Debug|Any CPU.Build.0 = Debug|Any CPU
		{0FD3D54F-55AF-4CF6-8FA8-F007219A2534}.Release|Any CPU.ActiveCfg = Release|Any CPU
		{0FD3D54F-55AF-4CF6-8FA8-F007219A2534}.Release|Any CPU.Build.0 = Release|Any CPU
	EndGlobalSection
	GlobalSection(SolutionProperties) = preSolution
		HideSolutionNode = FALSE
	EndGlobalSection
	GlobalSection(ExtensibilityGlobals) = postSolution
		SolutionGuid = {20BEE1D4-FCF7-46F1-A862-253B53D6F769}
	EndGlobalSection
EndGlobal
